<?xml version="1.0" encoding="utf-8"?>
<Project ToolsVersion="4.0" xmlns="http://schemas.microsoft.com/developer/msbuild/2003">
  <ItemGroup>
    <Filter Include="Source Files">
      <UniqueIdentifier>{4FC737F1-C7A5-4376-A066-2A32D752A2FF}</UniqueIdentifier>
      <Extensions>cpp;c;cc;cxx;c++;cppm;ixx;def;odl;idl;hpj;bat;asm;asmx</Extensions>
    </Filter>
    <Filter Include="Header Files">
      <UniqueIdentifier>{93995380-89BD-4b04-88EB-625FBE52EBFB}</UniqueIdentifier>
      <Extensions>h;hh;hpp;hxx;h++;hm;inl;inc;ipp;xsd</Extensions>
    </Filter>
    <Filter Include="Resource Files">
      <UniqueIdentifier>{67DA6AB6-F800-4c08-8B7A-83BB121AAD01}</UniqueIdentifier>
      <Extensions>rc;ico;cur;bmp;dlg;rc2;rct;bin;rgs;gif;jpg;jpeg;jpe;resx;tiff;tif;png;wav;mfcribbon-ms</Extensions>
    </Filter>
  </ItemGroup>
  <ItemGroup>
    <ClInclude Include="WinProMo.h">
      <Filter>Header Files</Filter>
    </ClInclude>
    <ClInclude Include="MainFrm.h">
      <Filter>Header Files</Filter>
    </ClInclude>
    <ClInclude Include="ChildFrm.h">
      <Filter>Header Files</Filter>
    </ClInclude>
    <ClInclude Include="Resource.h">
      <Filter>Header Files</Filter>
    </ClInclude>
    <ClInclude Include="StdAfx.h">
      <Filter>Header Files</Filter>
    </ClInclude>
    <ClInclude Include="DynamicPropertyDlg.h">
      <Filter>Header Files</Filter>
    </ClInclude>
    <ClInclude Include="PropertyScrollView.h">
      <Filter>Header Files</Filter>
    </ClInclude>
    <ClInclude Include="PropertyScrollFrame.h">
      <Filter>Header Files</Filter>
    </ClInclude>
    <ClInclude Include="DynamicElementListDlg.h">
      <Filter>Header Files</Filter>
    </ClInclude>
    <ClInclude Include="OleSrvItem.h">
      <Filter>Header Files</Filter>
    </ClInclude>
    <ClInclude Include="WinProMoDoc.h">
      <Filter>Header Files</Filter>
    </ClInclude>
    <ClInclude Include="WinProMoView.h">
      <Filter>Header Files</Filter>
    </ClInclude>
    <ClInclude Include="CanvasSizeDialog.h">
      <Filter>Header Files</Filter>
    </ClInclude>
    <ClInclude Include="GridSizeDialog.h">
      <Filter>Header Files</Filter>
    </ClInclude>
    <ClInclude Include="SelectDocumentTypeDlg.h">
      <Filter>Header Files</Filter>
    </ClInclude>
    <ClInclude Include="ExportDlg.h">
      <Filter>Header Files</Filter>
    </ClInclude>
    <ClInclude Include="Automation\ProMoAppAuto.h">
      <Filter>Header Files</Filter>
    </ClInclude>
    <ClInclude Include="Automation\ProMoDiagramAuto.h">
      <Filter>Header Files</Filter>
    </ClInclude>
    <ClInclude Include="Automation\ProMoDiagramsAuto.h">
      <Filter>Header Files</Filter>
    </ClInclude>
  </ItemGroup>
  <ItemGroup>
    <ClCompile Include="WinProMo.cpp">
      <Filter>Source Files</Filter>
    </ClCompile>
    <ClCompile Include="MainFrm.cpp">
      <Filter>Source Files</Filter>
    </ClCompile>
    <ClCompile Include="ChildFrm.cpp">
      <Filter>Source Files</Filter>
    </ClCompile>
    <ClCompile Include="StdAfx.cpp">
      <Filter>Source Files</Filter>
    </ClCompile>
    <ClCompile Include="DynamicPropertyDlg.cpp">
      <Filter>Source Files</Filter>
    </ClCompile>
    <ClCompile Include="PropertyScrollView.cpp">
      <Filter>Source Files</Filter>
    </ClCompile>
    <ClCompile Include="PropertyScrollFrame.cpp">
      <Filter>Source Files</Filter>
    </ClCompile>
    <ClCompile Include="DynamicElementListDlg.cpp">
      <Filter>Source Files</Filter>
    </ClCompile>
    <ClCompile Include="OleSrvItem.cpp">
      <Filter>Source Files</Filter>
    </ClCompile>
    <ClCompile Include="WinProMoDoc.cpp">
      <Filter>Source Files</Filter>
    </ClCompile>
    <ClCompile Include="WinProMoView.cpp">
      <Filter>Source Files</Filter>
    </ClCompile>
    <ClCompile Include="CanvasSizeDialog.cpp">
      <Filter>Source Files</Filter>
    </ClCompile>
    <ClCompile Include="GridSizeDialog.cpp">
      <Filter>Source Files</Filter>
    </ClCompile>
    <ClCompile Include="SelectDocumentTypeDlg.cpp">
      <Filter>Source Files</Filter>
    </ClCompile>
    <ClCompile Include="ExportDlg.cpp">
      <Filter>Source Files</Filter>
    </ClCompile>
    <ClCompile Include="Automation\ProMoAppAuto.cpp">
      <Filter>Source Files</Filter>
    </ClCompile>
    <ClCompile Include="Automation\ProMoDiagramAuto.cpp">
      <Filter>Source Files</Filter>
    </ClCompile>
    <ClCompile Include="Automation\ProMoDiagramsAuto.cpp">
      <Filter>Source Files</Filter>
    </ClCompile>
  </ItemGroup>
  <ItemGroup>
    <None Include="res\WinProMoApp.rc2">
      <Filter>Resource Files</Filter>
    </None>
    <None Include="WinProMo.mak" />
  </ItemGroup>
  <ItemGroup>
    <ResourceCompile Include="WinProMo.rc">
      <Filter>Resource Files</Filter>
    </ResourceCompile>
  </ItemGroup>
  <ItemGroup>
    <Image Include="res\WinProMo-AppDoc.ico">
      <Filter>Resource Files</Filter>
    </Image>
    <Image Include="res\WinProMo-App.ico">
      <Filter>Resource Files</Filter>
    </Image>
    <Image Include="res\Toolbar.bmp">
      <Filter>Resource Files</Filter>
    </Image>
    <Image Include="res\WinProMo.ico">
      <Filter>Resource Files</Filter>
    </Image>
    <Image Include="res\WinProMoDoc.ico">
      <Filter>Resource Files</Filter>
    </Image>
    <Image Include="res\icon1.ico">
      <Filter>Resource Files</Filter>
    </Image>
    <Image Include="res\ico00001.ico">
      <Filter>Resource Files</Filter>
    </Image>
    <Image Include="res\ico00002.ico">
      <Filter>Resource Files</Filter>
    </Image>
    <Image Include="res\mainfram.bmp">
      <Filter>Resource Files</Filter>
    </Image>
  </ItemGroup>
  <ItemGroup>
    <Midl Include="WinProMo.odl">
      <Filter>Source Files</Filter>
    </Midl>
  </ItemGroup>
</Project>